
Microsoft Visual Studio Solution File, Format Version 12.00
# Visual Studio Version 17
VisualStudioVersion = 17.5.33530.505
MinimumVisualStudioVersion = 10.0.40219.1
Project("{8BC9CEB8-8B4A-11D0-8D11-00A0C91BC942}") = "BOJ_27890", "BOJ_27890.vcxproj", "{4F39F5B2-CF22-42E7-ABBF-5CBF38F028D6}"
EndProject
Global
	GlobalSection(SolutionConfigurationPlatforms) = preSolution
		Debug|x64 = Debug|x64
		Release|x64 = Release|x64
	EndGlobalSection
	GlobalSection(ProjectConfigurationPlatforms) = postSolution
		{4F39F5B2-CF22-42E7-ABBF-5CBF38F028D6}.Debug|x64.ActiveCfg = Debug|x64
		{4F39F5B2-CF22-42E7-ABBF-5CBF38F028D6}.Debug|x64.Build.0 = Debug|x64
		{4F39F5B2-CF22-42E7-ABBF-5CBF38F028D6}.Release|x64.ActiveCfg = Release|x64
		{4F39F5B2-CF22-42E7-ABBF-5CBF38F028D6}.Release|x64.Build.0 = Release|x64
	EndGlobalSection
	GlobalSection(SolutionProperties) = preSolution
		HideSolutionNode = FALSE
	EndGlobalSection
	GlobalSection(ExtensibilityGlobals) = postSolution
		SolutionGuid = {573FA2E7-B6B2-4C57-B7E2-5CB10FED16F1}
	EndGlobalSection
EndGlobal
